
Microsoft Visual Studio Solution File, Format Version 12.00
# Visual Studio Version 17
VisualStudioVersion = 17.0.31903.59
MinimumVisualStudioVersion = 10.0.40219.1
Project("{2150E333-8FDC-42A3-9474-1A3956D46DE8}") = "Presentation Layer", "Presentation Layer", "{B5F4AE23-D863-40B0-982F-EA2188DFE5A8}"
	ProjectSection(SolutionItems) = preProject
		.gitignore = .gitignore
	EndProjectSection
EndProject
Project("{FAE04EC0-301F-11D3-BF4B-00C04F79EFBC}") = "UserRegistrationPortal.Web", "UserRegistrationPortal.Web\UserRegistrationPortal.Web.csproj", "{3D6A9CF9-B921-4245-9A57-91708FB2885C}"
EndProject
Global
	GlobalSection(SolutionConfigurationPlatforms) = preSolution
		Debug|Any CPU = Debug|Any CPU
		Release|Any CPU = Release|Any CPU
	EndGlobalSection
	GlobalSection(ProjectConfigurationPlatforms) = postSolution
		{3D6A9CF9-B921-4245-9A57-91708FB2885C}.Debug|Any CPU.ActiveCfg = Debug|Any CPU
		{3D6A9CF9-B921-4245-9A57-91708FB2885C}.Debug|Any CPU.Build.0 = Debug|Any CPU
		{3D6A9CF9-B921-4245-9A57-91708FB2885C}.Release|Any CPU.ActiveCfg = Release|Any CPU
		{3D6A9CF9-B921-4245-9A57-91708FB2885C}.Release|Any CPU.Build.0 = Release|Any CPU
	EndGlobalSection
	GlobalSection(SolutionProperties) = preSolution
		HideSolutionNode = FALSE
	EndGlobalSection
	GlobalSection(NestedProjects) = preSolution
		{3D6A9CF9-B921-4245-9A57-91708FB2885C} = {B5F4AE23-D863-40B0-982F-EA2188DFE5A8}
	EndGlobalSection
	GlobalSection(ExtensibilityGlobals) = postSolution
		SolutionGuid = {7C5626AF-5AF6-4C8B-8580-FFC35E5FA778}
	EndGlobalSection
EndGlobal
